schema: '2.0'
stages:
  api:
    cmd: python -m src.api
    deps:
    - path: src/api.py
      hash: md5
      md5: 039659c2448c79157637cbc279bcbd9c
      size: 2129
    - path: src/common/utils.py
      hash: md5
      md5: 28d7130a1d86a066e574b1db781a90b7
      size: 966
    outs:
    - path: data/catalogue-metadata.json
      hash: md5
      md5: b4d209c01388036b5dea16582529d754
      size: 464664
    - path: data/docs
      hash: md5
      md5: 39f6a0c9ced9eb80d9ba39e96af8eb24.dir
      size: 26796133
      nfiles: 169
    - path: data/files-metadata.json
      hash: md5
      md5: ea0373edf27e27319643835962ab8673
      size: 42187
  extract:
    cmd: python -m src.extract
    deps:
    - path: data/pdfs
      hash: md5
      md5: 305e9c37aee994ff7067481d3ca7f74a.dir
      size: 26656939
      nfiles: 68
    - path: src/extract.py
      hash: md5
      md5: 88e72e9148ba44cb1c1ea7fb2f4054fc
      size: 1638
    - path: src/params.py
      hash: md5
      md5: 3f1acc00e5aa88d25f063c8cd9057860
      size: 120
    outs:
    - path: data/txts
      hash: md5
      md5: 7173e6b93e1b8127558b3f4f46ddd9d8.dir
      size: 1889149
      nfiles: 68
  datastore:
    cmd: python -m src.datastore
    deps:
    - path: config/config.toml
      hash: md5
      md5: 4cfa69b3bb73eee55d84b28e53914840
      size: 952
    - path: data/profiles
      hash: md5
      md5: 867372fae11adf71c83d35748c913a51.dir
      size: 28928038
      nfiles: 174
    - path: src/common/utils.py
      hash: md5
      md5: 06362b8ab701613d4423576271552049
      size: 1392
    - path: src/datastore.py
      hash: md5
      md5: 460c3be286cdaafcb718137b0cbbf677
      size: 5043
  query_api:
    cmd: python -m src.query_api
    deps:
    - path: config/config.toml
      hash: md5
      md5: 4cfa69b3bb73eee55d84b28e53914840
      size: 952
    - path: src/common/utils.py
      hash: md5
      md5: 06362b8ab701613d4423576271552049
      size: 1392
    - path: src/query_api.py
      hash: md5
      md5: bd2c2c50d9a617668a2dee42cd06840a
      size: 3709
    outs:
    - path: data/catalogue-metadata.json
      hash: md5
      md5: 0b921a61bc9838a139299d57d944f3a4
      size: 487762
    - path: data/files-metadata.json
      hash: md5
      md5: fe3f4cfbeaa52895856ff655197b93b2
      size: 46778
    - path: data/profiles
      hash: md5
      md5: 867372fae11adf71c83d35748c913a51.dir
      size: 28928038
      nfiles: 174
