schema: '2.0'
stages:
  api:
    cmd: python -m src.api
    deps:
    - path: src/api.py
      hash: md5
      md5: 039659c2448c79157637cbc279bcbd9c
      size: 2129
    - path: src/common/utils.py
      hash: md5
      md5: 28d7130a1d86a066e574b1db781a90b7
      size: 966
    outs:
    - path: data/catalogue-metadata.json
      hash: md5
      md5: b4d209c01388036b5dea16582529d754
      size: 464664
    - path: data/docs
      hash: md5
      md5: 39f6a0c9ced9eb80d9ba39e96af8eb24.dir
      size: 26796133
      nfiles: 169
    - path: data/files-metadata.json
      hash: md5
      md5: ea0373edf27e27319643835962ab8673
      size: 42187
  extract:
    cmd: python -m src.extract
    deps:
    - path: data/pdfs
      hash: md5
      md5: 305e9c37aee994ff7067481d3ca7f74a.dir
      size: 26656939
      nfiles: 68
    - path: src/extract.py
      hash: md5
      md5: 88e72e9148ba44cb1c1ea7fb2f4054fc
      size: 1638
    - path: src/params.py
      hash: md5
      md5: 3f1acc00e5aa88d25f063c8cd9057860
      size: 120
    outs:
    - path: data/txts
      hash: md5
      md5: 7173e6b93e1b8127558b3f4f46ddd9d8.dir
      size: 1889149
      nfiles: 68
  datastore:
    cmd: python -m src.datastore
    deps:
    - path: data/profiles
      hash: md5
      md5: f7d716509b7283a656700ba6155128fc.dir
      size: 26790843
      nfiles: 163
    - path: src/common/utils.py
      hash: md5
      md5: 3d288f52efeccb4fad58480bbe1a6e01
      size: 2091
    - path: src/datastore.py
      hash: md5
      md5: 34d266864d0a6e58d0d352958dbb5187
      size: 3938
  query_api:
    cmd: python -m src.query_api
    deps:
    - path: src/common/utils.py
      hash: md5
      md5: 3d288f52efeccb4fad58480bbe1a6e01
      size: 2091
    - path: src/query_api.py
      hash: md5
      md5: eefc149f802ab860ee9deb2718982030
      size: 2103
    outs:
    - path: data/catalogue-metadata.json
      hash: md5
      md5: 5186df86c5afeaed97fe7de2959c9e26
      size: 471999
    - path: data/files-metadata.json
      hash: md5
      md5: ea0373edf27e27319643835962ab8673
      size: 42187
    - path: data/profiles
      hash: md5
      md5: f7d716509b7283a656700ba6155128fc.dir
      size: 26790843
      nfiles: 163
